
Microsoft Visual Studio Solution File, Format Version 12.00
# Visual Studio 15
VisualStudioVersion = 15.0.28307.329
MinimumVisualStudioVersion = 10.0.40219.1
Project("{FAE04EC0-301F-11D3-BF4B-00C04F79EFBC}") = "Snapshot.WebForm", "Snapshot.WebForm\Snapshot.WebForm.csproj", "{BD7C7D61-E1BE-4891-AC70-94AEC9F69DBE}"
EndProject
Global
	GlobalSection(SolutionConfigurationPlatforms) = preSolution
		Debug|Any CPU = Debug|Any CPU
		Release|Any CPU = Release|Any CPU
	EndGlobalSection
	GlobalSection(ProjectConfigurationPlatforms) = postSolution
		{BD7C7D61-E1BE-4891-AC70-94AEC9F69DBE}.Debug|Any CPU.ActiveCfg = Debug|Any CPU
		{BD7C7D61-E1BE-4891-AC70-94AEC9F69DBE}.Debug|Any CPU.Build.0 = Debug|Any CPU
		{BD7C7D61-E1BE-4891-AC70-94AEC9F69DBE}.Release|Any CPU.ActiveCfg = Release|Any CPU
		{BD7C7D61-E1BE-4891-AC70-94AEC9F69DBE}.Release|Any CPU.Build.0 = Release|Any CPU
	EndGlobalSection
	GlobalSection(SolutionProperties) = preSolution
		HideSolutionNode = FALSE
	EndGlobalSection
	GlobalSection(ExtensibilityGlobals) = postSolution
		SolutionGuid = {D7DD87E4-8D72-4278-A642-A79C489130B0}
	EndGlobalSection
EndGlobal
